// !$*UTF8*$!
{
	archiveVersion = 1;
	classes = {
	};
	objectVersion = 50;
	objects = {

/* Begin PBXBuildFile section */
		0410BF4729B190AD008673DC /* AppDelegate.swift in Sources */ = {isa = PBXBuildFile; fileRef = 0410BF4629B190AD008673DC /* AppDelegate.swift */; };
		0410BF4929B190AD008673DC /* SceneDelegate.swift in Sources */ = {isa = PBXBuildFile; fileRef = 0410BF4829B190AD008673DC /* SceneDelegate.swift */; };
		0410BF4B29B190AD008673DC /* ViewController.swift in Sources */ = {isa = PBXBuildFile; fileRef = 0410BF4A29B190AD008673DC /* ViewController.swift */; };
		0410BF4E29B190AD008673DC /* Main.storyboard in Resources */ = {isa = PBXBuildFile; fileRef = 0410BF4C29B190AD008673DC /* Main.storyboard */; };
		0410BF5029B190B1008673DC /* Assets.xcassets in Resources */ = {isa = PBXBuildFile; fileRef = 0410BF4F29B190B1008673DC /* Assets.xcassets */; };
		0410BF5329B190B1008673DC /* LaunchScreen.storyboard in Resources */ = {isa = PBXBuildFile; fileRef = 0410BF5129B190B1008673DC /* LaunchScreen.storyboard */; };
		0410BF5E29B190B2008673DC /* GoodNewsTests.swift in Sources */ = {isa = PBXBuildFile; fileRef = 0410BF5D29B190B2008673DC /* GoodNewsTests.swift */; };
		0410BF6929B190B2008673DC /* GoodNewsUITests.swift in Sources */ = {isa = PBXBuildFile; fileRef = 0410BF6829B190B2008673DC /* GoodNewsUITests.swift */; };
		0410BF7E29B190E3008673DC /* NewListTableViewController.swift in Sources */ = {isa = PBXBuildFile; fileRef = 0410BF7D29B190E3008673DC /* NewListTableViewController.swift */; };
		04B260D529B1DFED00582892 /* WebService.swift in Sources */ = {isa = PBXBuildFile; fileRef = 04B260D429B1DFED00582892 /* WebService.swift */; };
		04B260E129B1FDC100582892 /* ArticleViewModel.swift in Sources */ = {isa = PBXBuildFile; fileRef = 04B260E029B1FDC100582892 /* ArticleViewModel.swift */; };
/* End PBXBuildFile section */

/* Begin PBXContainerItemProxy section */
		0410BF5A29B190B2008673DC /* PBXContainerItemProxy */ = {
			isa = PBXContainerItemProxy;
			containerPortal = 0410BF3B29B190AD008673DC /* Project object */;
			proxyType = 1;
			remoteGlobalIDString = 0410BF4229B190AD008673DC;
			remoteInfo = GoodNews;
		};
		0410BF6529B190B2008673DC /* PBXContainerItemProxy */ = {
			isa = PBXContainerItemProxy;
			containerPortal = 0410BF3B29B190AD008673DC /* Project object */;
			proxyType = 1;
			remoteGlobalIDString = 0410BF4229B190AD008673DC;
			remoteInfo = GoodNews;
		};
/* End PBXContainerItemProxy section */

/* Begin PBXFileReference section */
		0410BF4329B190AD008673DC /* GoodNews.app */ = {isa = PBXFileReference; explicitFileType = wrapper.application; includeInIndex = 0; path = GoodNews.app; sourceTree = BUILT_PRODUCTS_DIR; };
		0410BF4629B190AD008673DC /* AppDelegate.swift */ = {isa = PBXFileReference; lastKnownFileType = sourcecode.swift; path = AppDelegate.swift; sourceTree = "<group>"; };
		0410BF4829B190AD008673DC /* SceneDelegate.swift */ = {isa = PBXFileReference; lastKnownFileType = sourcecode.swift; path = SceneDelegate.swift; sourceTree = "<group>"; };
		0410BF4A29B190AD008673DC /* ViewController.swift */ = {isa = PBXFileReference; lastKnownFileType = sourcecode.swift; path = ViewController.swift; sourceTree = "<group>"; };
		0410BF4D29B190AD008673DC /* Base */ = {isa = PBXFileReference; lastKnownFileType = file.storyboard; name = Base; path = Base.lproj/Main.storyboard; sourceTree = "<group>"; };
		0410BF4F29B190B1008673DC /* Assets.xcassets */ = {isa = PBXFileReference; lastKnownFileType = folder.assetcatalog; path = Assets.xcassets; sourceTree = "<group>"; };
		0410BF5229B190B1008673DC /* Base */ = {isa = PBXFileReference; lastKnownFileType = file.storyboard; name = Base; path = Base.lproj/LaunchScreen.storyboard; sourceTree = "<group>"; };
		0410BF5429B190B1008673DC /* Info.plist */ = {isa = PBXFileReference; lastKnownFileType = text.plist.xml; path = Info.plist; sourceTree = "<group>"; };
		0410BF5929B190B2008673DC /* GoodNewsTests.xctest */ = {isa = PBXFileReference; explicitFileType = wrapper.cfbundle; includeInIndex = 0; path = GoodNewsTests.xctest; sourceTree = BUILT_PRODUCTS_DIR; };
		0410BF5D29B190B2008673DC /* GoodNewsTests.swift */ = {isa = PBXFileReference; lastKnownFileType = sourcecode.swift; path = GoodNewsTests.swift; sourceTree = "<group>"; };
		0410BF5F29B190B2008673DC /* Info.plist */ = {isa = PBXFileReference; lastKnownFileType = text.plist.xml; path = Info.plist; sourceTree = "<group>"; };
		0410BF6429B190B2008673DC /* GoodNewsUITests.xctest */ = {isa = PBXFileReference; explicitFileType = wrapper.cfbundle; includeInIndex = 0; path = GoodNewsUITests.xctest; sourceTree = BUILT_PRODUCTS_DIR; };
		0410BF6829B190B2008673DC /* GoodNewsUITests.swift */ = {isa = PBXFileReference; lastKnownFileType = sourcecode.swift; path = GoodNewsUITests.swift; sourceTree = "<group>"; };
		0410BF6A29B190B2008673DC /* Info.plist */ = {isa = PBXFileReference; lastKnownFileType = text.plist.xml; path = Info.plist; sourceTree = "<group>"; };
		0410BF7D29B190E3008673DC /* NewListTableViewController.swift */ = {isa = PBXFileReference; lastKnownFileType = sourcecode.swift; path = NewListTableViewController.swift; sourceTree = "<group>"; };
		04B260D429B1DFED00582892 /* WebService.swift */ = {isa = PBXFileReference; lastKnownFileType = sourcecode.swift; path = WebService.swift; sourceTree = "<group>"; };
		04B260E029B1FDC100582892 /* ArticleViewModel.swift */ = {isa = PBXFileReference; lastKnownFileType = sourcecode.swift; path = ArticleViewModel.swift; sourceTree = "<group>"; };
/* End PBXFileReference section */

/* Begin PBXFrameworksBuildPhase section */
		0410BF4029B190AD008673DC /* Frameworks */ = {
			isa = PBXFrameworksBuildPhase;
			buildActionMask = 2147483647;
			files = (
			);
			runOnlyForDeploymentPostprocessing = 0;
		};
		0410BF5629B190B2008673DC /* Frameworks */ = {
			isa = PBXFrameworksBuildPhase;
			buildActionMask = 2147483647;
			files = (
			);
			runOnlyForDeploymentPostprocessing = 0;
		};
		0410BF6129B190B2008673DC /* Frameworks */ = {
			isa = PBXFrameworksBuildPhase;
			buildActionMask = 2147483647;
			files = (
			);
			runOnlyForDeploymentPostprocessing = 0;
		};
/* End PBXFrameworksBuildPhase section */

/* Begin PBXGroup section */
		0410BF3A29B190AD008673DC = {
			isa = PBXGroup;
			children = (
				0410BF4529B190AD008673DC /* GoodNews */,
				0410BF5C29B190B2008673DC /* GoodNewsTests */,
				0410BF6729B190B2008673DC /* GoodNewsUITests */,
				0410BF4429B190AD008673DC /* Products */,
			);
			sourceTree = "<group>";
		};
		0410BF4429B190AD008673DC /* Products */ = {
			isa = PBXGroup;
			children = (
				0410BF4329B190AD008673DC /* GoodNews.app */,
				0410BF5929B190B2008673DC /* GoodNewsTests.xctest */,
				0410BF6429B190B2008673DC /* GoodNewsUITests.xctest */,
			);
			name = Products;
			sourceTree = "<group>";
		};
		0410BF4529B190AD008673DC /* GoodNews */ = {
			isa = PBXGroup;
			children = (
				04B260DF29B1FDA800582892 /* ViewModels */,
				045B044029B1DF5700147305 /* Service */,
				0410BF7929B190C6008673DC /* Controller */,
				0410BF4629B190AD008673DC /* AppDelegate.swift */,
				0410BF4829B190AD008673DC /* SceneDelegate.swift */,
				0410BF4A29B190AD008673DC /* ViewController.swift */,
				0410BF4C29B190AD008673DC /* Main.storyboard */,
				0410BF4F29B190B1008673DC /* Assets.xcassets */,
				0410BF5129B190B1008673DC /* LaunchScreen.storyboard */,
				0410BF5429B190B1008673DC /* Info.plist */,
			);
			path = GoodNews;
			sourceTree = "<group>";
		};
		0410BF5C29B190B2008673DC /* GoodNewsTests */ = {
			isa = PBXGroup;
			children = (
				0410BF5D29B190B2008673DC /* GoodNewsTests.swift */,
				0410BF5F29B190B2008673DC /* Info.plist */,
			);
			path = GoodNewsTests;
			sourceTree = "<group>";
		};
		0410BF6729B190B2008673DC /* GoodNewsUITests */ = {
			isa = PBXGroup;
			children = (
				0410BF6829B190B2008673DC /* GoodNewsUITests.swift */,
				0410BF6A29B190B2008673DC /* Info.plist */,
			);
			path = GoodNewsUITests;
			sourceTree = "<group>";
		};
		0410BF7929B190C6008673DC /* Controller */ = {
			isa = PBXGroup;
			children = (
				0410BF7D29B190E3008673DC /* NewListTableViewController.swift */,
			);
			path = Controller;
			sourceTree = "<group>";
		};
		045B044029B1DF5700147305 /* Service */ = {
			isa = PBXGroup;
			children = (
				04B260D429B1DFED00582892 /* WebService.swift */,
			);
			name = Service;
			path = Controller;
			sourceTree = "<group>";
		};
		04B260DF29B1FDA800582892 /* ViewModels */ = {
			isa = PBXGroup;
			children = (
				04B260E029B1FDC100582892 /* ArticleViewModel.swift */,
			);
			path = ViewModels;
			sourceTree = "<group>";
		};
/* End PBXGroup section */

/* Begin PBXNativeTarget section */
		0410BF4229B190AD008673DC /* GoodNews */ = {
			isa = PBXNativeTarget;
			buildConfigurationList = 0410BF6D29B190B2008673DC /* Build configuration list for PBXNativeTarget "GoodNews" */;
			buildPhases = (
				0410BF3F29B190AD008673DC /* Sources */,
				0410BF4029B190AD008673DC /* Frameworks */,
				0410BF4129B190AD008673DC /* Resources */,
			);
			buildRules = (
			);
			dependencies = (
			);
			name = GoodNews;
			productName = GoodNews;
			productReference = 0410BF4329B190AD008673DC /* GoodNews.app */;
			productType = "com.apple.product-type.application";
		};
		0410BF5829B190B2008673DC /* GoodNewsTests */ = {
			isa = PBXNativeTarget;
			buildConfigurationList = 0410BF7029B190B2008673DC /* Build configuration list for PBXNativeTarget "GoodNewsTests" */;
			buildPhases = (
				0410BF5529B190B2008673DC /* Sources */,
				0410BF5629B190B2008673DC /* Frameworks */,
				0410BF5729B190B2008673DC /* Resources */,
			);
			buildRules = (
			);
			dependencies = (
				0410BF5B29B190B2008673DC /* PBXTargetDependency */,
			);
			name = GoodNewsTests;
			productName = GoodNewsTests;
			productReference = 0410BF5929B190B2008673DC /* GoodNewsTests.xctest */;
			productType = "com.apple.product-type.bundle.unit-test";
		};
		0410BF6329B190B2008673DC /* GoodNewsUITests */ = {
			isa = PBXNativeTarget;
			buildConfigurationList = 0410BF7329B190B2008673DC /* Build configuration list for PBXNativeTarget "GoodNewsUITests" */;
			buildPhases = (
				0410BF6029B190B2008673DC /* Sources */,
				0410BF6129B190B2008673DC /* Frameworks */,
				0410BF6229B190B2008673DC /* Resources */,
			);
			buildRules = (
			);
			dependencies = (
				0410BF6629B190B2008673DC /* PBXTargetDependency */,
			);
			name = GoodNewsUITests;
			productName = GoodNewsUITests;
			productReference = 0410BF6429B190B2008673DC /* GoodNewsUITests.xctest */;
			productType = "com.apple.product-type.bundle.ui-testing";
		};
/* End PBXNativeTarget section */

/* Begin PBXProject section */
		0410BF3B29B190AD008673DC /* Project object */ = {
			isa = PBXProject;
			attributes = {
				LastSwiftUpdateCheck = 1240;
				LastUpgradeCheck = 1240;
				TargetAttributes = {
					0410BF4229B190AD008673DC = {
						CreatedOnToolsVersion = 12.4;
					};
					0410BF5829B190B2008673DC = {
						CreatedOnToolsVersion = 12.4;
						TestTargetID = 0410BF4229B190AD008673DC;
					};
					0410BF6329B190B2008673DC = {
						CreatedOnToolsVersion = 12.4;
						TestTargetID = 0410BF4229B190AD008673DC;
					};
				};
			};
			buildConfigurationList = 0410BF3E29B190AD008673DC /* Build configuration list for PBXProject "GoodNews" */;
			compatibilityVersion = "Xcode 9.3";
			developmentRegion = en;
			hasScannedForEncodings = 0;
			knownRegions = (
				en,
				Base,
			);
			mainGroup = 0410BF3A29B190AD008673DC;
			productRefGroup = 0410BF4429B190AD008673DC /* Products */;
			projectDirPath = "";
			projectRoot = "";
			targets = (
				0410BF4229B190AD008673DC /* GoodNews */,
				0410BF5829B190B2008673DC /* GoodNewsTests */,
				0410BF6329B190B2008673DC /* GoodNewsUITests */,
			);
		};
/* End PBXProject section */

/* Begin PBXResourcesBuildPhase section */
		0410BF4129B190AD008673DC /* Resources */ = {
			isa = PBXResourcesBuildPhase;
			buildActionMask = 2147483647;
			files = (
				0410BF5329B190B1008673DC /* LaunchScreen.storyboard in Resources */,
				0410BF5029B190B1008673DC /* Assets.xcassets in Resources */,
				0410BF4E29B190AD008673DC /* Main.storyboard in Resources */,
			);
			runOnlyForDeploymentPostprocessing = 0;
		};
		0410BF5729B190B2008673DC /* Resources */ = {
			isa = PBXResourcesBuildPhase;
			buildActionMask = 2147483647;
			files = (
			);
			runOnlyForDeploymentPostprocessing = 0;
		};
		0410BF6229B190B2008673DC /* Resources */ = {
			isa = PBXResourcesBuildPhase;
			buildActionMask = 2147483647;
			files = (
			);
			runOnlyForDeploymentPostprocessing = 0;
		};
/* End PBXResourcesBuildPhase section */

/* Begin PBXSourcesBuildPhase section */
		0410BF3F29B190AD008673DC /* Sources */ = {
			isa = PBXSourcesBuildPhase;
			buildActionMask = 2147483647;
			files = (
				0410BF7E29B190E3008673DC /* NewListTableViewController.swift in Sources */,
				0410BF4B29B190AD008673DC /* ViewController.swift in Sources */,
				0410BF4729B190AD008673DC /* AppDelegate.swift in Sources */,
				04B260E129B1FDC100582892 /* ArticleViewModel.swift in Sources */,
				04B260D529B1DFED00582892 /* WebService.swift in Sources */,
				0410BF4929B190AD008673DC /* SceneDelegate.swift in Sources */,
			);
			runOnlyForDeploymentPostprocessing = 0;
		};
		0410BF5529B190B2008673DC /* Sources */ = {
			isa = PBXSourcesBuildPhase;
			buildActionMask = 2147483647;
			files = (
				0410BF5E29B190B2008673DC /* GoodNewsTests.swift in Sources */,
			);
			runOnlyForDeploymentPostprocessing = 0;
		};
		0410BF6029B190B2008673DC /* Sources */ = {
			isa = PBXSourcesBuildPhase;
			buildActionMask = 2147483647;
			files = (
				0410BF6929B190B2008673DC /* GoodNewsUITests.swift in Sources */,
			);
			runOnlyForDeploymentPostprocessing = 0;
		};
/* End PBXSourcesBuildPhase section */

/* Begin PBXTargetDependency section */
		0410BF5B29B190B2008673DC /* PBXTargetDependency */ = {
			isa = PBXTargetDependency;
			target = 0410BF4229B190AD008673DC /* GoodNews */;
			targetProxy = 0410BF5A29B190B2008673DC /* PBXContainerItemProxy */;
		};
		0410BF6629B190B2008673DC /* PBXTargetDependency */ = {
			isa = PBXTargetDependency;
			target = 0410BF4229B190AD008673DC /* GoodNews */;
			targetProxy = 0410BF6529B190B2008673DC /* PBXContainerItemProxy */;
		};
/* End PBXTargetDependency section */

/* Begin PBXVariantGroup section */
		0410BF4C29B190AD008673DC /* Main.storyboard */ = {
			isa = PBXVariantGroup;
			children = (
				0410BF4D29B190AD008673DC /* Base */,
			);
			name = Main.storyboard;
			sourceTree = "<group>";
		};
		0410BF5129B190B1008673DC /* LaunchScreen.storyboard */ = {
			isa = PBXVariantGroup;
			children = (
				0410BF5229B190B1008673DC /* Base */,
			);
			name = LaunchScreen.storyboard;
			sourceTree = "<group>";
		};
/* End PBXVariantGroup section */

/* Begin XCBuildConfiguration section */
		0410BF6B29B190B2008673DC /* Debug */ = {
			isa = XCBuildConfiguration;
			buildSettings = {
				ALWAYS_SEARCH_USER_PATHS = NO;
				CLANG_ANALYZER_NONNULL = YES;
				CLANG_ANALYZER_NUMBER_OBJECT_CONVERSION = YES_AGGRESSIVE;
				CLANG_CXX_LANGUAGE_STANDARD = "gnu++14";
				CLANG_CXX_LIBRARY = "libc++";
				CLANG_ENABLE_MODULES = YES;
				CLANG_ENABLE_OBJC_ARC = YES;
				CLANG_ENABLE_OBJC_WEAK = YES;
				CLANG_WARN_BLOCK_CAPTURE_AUTORELEASING = YES;
				CLANG_WARN_BOOL_CONVERSION = YES;
				CLANG_WARN_COMMA = YES;
				CLANG_WARN_CONSTANT_CONVERSION = YES;
				CLANG_WARN_DEPRECATED_OBJC_IMPLEMENTATIONS = YES;
				CLANG_WARN_DIRECT_OBJC_ISA_USAGE = YES_ERROR;
				CLANG_WARN_DOCUMENTATION_COMMENTS = YES;
				CLANG_WARN_EMPTY_BODY = YES;
				CLANG_WARN_ENUM_CONVERSION = YES;
				CLANG_WARN_INFINITE_RECURSION = YES;
				CLANG_WARN_INT_CONVERSION = YES;
				CLANG_WARN_NON_LITERAL_NULL_CONVERSION = YES;
				CLANG_WARN_OBJC_IMPLICIT_RETAIN_SELF = YES;
				CLANG_WARN_OBJC_LITERAL_CONVERSION = YES;
				CLANG_WARN_OBJC_ROOT_CLASS = YES_ERROR;
				CLANG_WARN_QUOTED_INCLUDE_IN_FRAMEWORK_HEADER = YES;
				CLANG_WARN_RANGE_LOOP_ANALYSIS = YES;
				CLANG_WARN_STRICT_PROTOTYPES = YES;
				CLANG_WARN_SUSPICIOUS_MOVE = YES;
				CLANG_WARN_UNGUARDED_AVAILABILITY = YES_AGGRESSIVE;
				CLANG_WARN_UNREACHABLE_CODE = YES;
				CLANG_WARN__DUPLICATE_METHOD_MATCH = YES;
				COPY_PHASE_STRIP = NO;
				DEBUG_INFORMATION_FORMAT = dwarf;
				ENABLE_STRICT_OBJC_MSGSEND = YES;
				ENABLE_TESTABILITY = YES;
				GCC_C_LANGUAGE_STANDARD = gnu11;
				GCC_DYNAMIC_NO_PIC = NO;
				GCC_NO_COMMON_BLOCKS = YES;
				GCC_OPTIMIZATION_LEVEL = 0;
				GCC_PREPROCESSOR_DEFINITIONS = (
					"DEBUG=1",
					"$(inherited)",
				);
				GCC_WARN_64_TO_32_BIT_CONVERSION = YES;
				GCC_WARN_ABOUT_RETURN_TYPE = YES_ERROR;
				GCC_WARN_UNDECLARED_SELECTOR = YES;
				GCC_WARN_UNINITIALIZED_AUTOS = YES_AGGRESSIVE;
				GCC_WARN_UNUSED_FUNCTION = YES;
				GCC_WARN_UNUSED_VARIABLE = YES;
				IPHONEOS_DEPLOYMENT_TARGET = 14.4;
				MTL_ENABLE_DEBUG_INFO = INCLUDE_SOURCE;
				MTL_FAST_MATH = YES;
				ONLY_ACTIVE_ARCH = YES;
				SDKROOT = iphoneos;
				SWIFT_ACTIVE_COMPILATION_CONDITIONS = DEBUG;
				SWIFT_OPTIMIZATION_LEVEL = "-Onone";
			};
			name = Debug;
		};
		0410BF6C29B190B2008673DC /* Release */ = {
			isa = XCBuildConfiguration;
			buildSettings = {
				ALWAYS_SEARCH_USER_PATHS = NO;
				CLANG_ANALYZER_NONNULL = YES;
				CLANG_ANALYZER_NUMBER_OBJECT_CONVERSION = YES_AGGRESSIVE;
				CLANG_CXX_LANGUAGE_STANDARD = "gnu++14";
				CLANG_CXX_LIBRARY = "libc++";
				CLANG_ENABLE_MODULES = YES;
				CLANG_ENABLE_OBJC_ARC = YES;
				CLANG_ENABLE_OBJC_WEAK = YES;
				CLANG_WARN_BLOCK_CAPTURE_AUTORELEASING = YES;
				CLANG_WARN_BOOL_CONVERSION = YES;
				CLANG_WARN_COMMA = YES;
				CLANG_WARN_CONSTANT_CONVERSION = YES;
				CLANG_WARN_DEPRECATED_OBJC_IMPLEMENTATIONS = YES;
				CLANG_WARN_DIRECT_OBJC_ISA_USAGE = YES_ERROR;
				CLANG_WARN_DOCUMENTATION_COMMENTS = YES;
				CLANG_WARN_EMPTY_BODY = YES;
				CLANG_WARN_ENUM_CONVERSION = YES;
				CLANG_WARN_INFINITE_RECURSION = YES;
				CLANG_WARN_INT_CONVERSION = YES;
				CLANG_WARN_NON_LITERAL_NULL_CONVERSION = YES;
				CLANG_WARN_OBJC_IMPLICIT_RETAIN_SELF = YES;
				CLANG_WARN_OBJC_LITERAL_CONVERSION = YES;
				CLANG_WARN_OBJC_ROOT_CLASS = YES_ERROR;
				CLANG_WARN_QUOTED_INCLUDE_IN_FRAMEWORK_HEADER = YES;
				CLANG_WARN_RANGE_LOOP_ANALYSIS = YES;
				CLANG_WARN_STRICT_PROTOTYPES = YES;
				CLANG_WARN_SUSPICIOUS_MOVE = YES;
				CLANG_WARN_UNGUARDED_AVAILABILITY = YES_AGGRESSIVE;
				CLANG_WARN_UNREACHABLE_CODE = YES;
				CLANG_WARN__DUPLICATE_METHOD_MATCH = YES;
				COPY_PHASE_STRIP = NO;
				DEBUG_INFORMATION_FORMAT = "dwarf-with-dsym";
				ENABLE_NS_ASSERTIONS = NO;
				ENABLE_STRICT_OBJC_MSGSEND = YES;
				GCC_C_LANGUAGE_STANDARD = gnu11;
				GCC_NO_COMMON_BLOCKS = YES;
				GCC_WARN_64_TO_32_BIT_CONVERSION = YES;
				GCC_WARN_ABOUT_RETURN_TYPE = YES_ERROR;
				GCC_WARN_UNDECLARED_SELECTOR = YES;
				GCC_WARN_UNINITIALIZED_AUTOS = YES_AGGRESSIVE;
				GCC_WARN_UNUSED_FUNCTION = YES;
				GCC_WARN_UNUSED_VARIABLE = YES;
				IPHONEOS_DEPLOYMENT_TARGET = 14.4;
				MTL_ENABLE_DEBUG_INFO = NO;
				MTL_FAST_MATH = YES;
				SDKROOT = iphoneos;
				SWIFT_COMPILATION_MODE = wholemodule;
				SWIFT_OPTIMIZATION_LEVEL = "-O";
				VALIDATE_PRODUCT = YES;
			};
			name = Release;
		};
		0410BF6E29B190B2008673DC /* Debug */ = {
			isa = XCBuildConfiguration;
			buildSettings = {
				ASSETCATALOG_COMPILER_APPICON_NAME = AppIcon;
				ASSETCATALOG_COMPILER_GLOBAL_ACCENT_COLOR_NAME = AccentColor;
				CODE_SIGN_STYLE = Automatic;
				DEVELOPMENT_TEAM = 65N2H53466;
				INFOPLIST_FILE = GoodNews/Info.plist;
				LD_RUNPATH_SEARCH_PATHS = (
					"$(inherited)",
					"@executable_path/Frameworks",
				);
				PRODUCT_BUNDLE_IDENTIFIER = com.vinod.GoodNews;
				PRODUCT_NAME = "$(TARGET_NAME)";
				SWIFT_VERSION = 5.0;
				TARGETED_DEVICE_FAMILY = "1,2";
			};
			name = Debug;
		};
		0410BF6F29B190B2008673DC /* Release */ = {
			isa = XCBuildConfiguration;
			buildSettings = {
				ASSETCATALOG_COMPILER_APPICON_NAME = AppIcon;
				ASSETCATALOG_COMPILER_GLOBAL_ACCENT_COLOR_NAME = AccentColor;
				CODE_SIGN_STYLE = Automatic;
				DEVELOPMENT_TEAM = 65N2H53466;
				INFOPLIST_FILE = GoodNews/Info.plist;
				LD_RUNPATH_SEARCH_PATHS = (
					"$(inherited)",
					"@executable_path/Frameworks",
				);
				PRODUCT_BUNDLE_IDENTIFIER = com.vinod.GoodNews;
				PRODUCT_NAME = "$(TARGET_NAME)";
				SWIFT_VERSION = 5.0;
				TARGETED_DEVICE_FAMILY = "1,2";
			};
			name = Release;
		};
		0410BF7129B190B2008673DC /* Debug */ = {
			isa = XCBuildConfiguration;
			buildSettings = {
				ALWAYS_EMBED_SWIFT_STANDARD_LIBRARIES = YES;
				BUNDLE_LOADER = "$(TEST_HOST)";
				CODE_SIGN_STYLE = Automatic;
				DEVELOPMENT_TEAM = 65N2H53466;
				INFOPLIST_FILE = GoodNewsTests/Info.plist;
				IPHONEOS_DEPLOYMENT_TARGET = 14.4;
				LD_RUNPATH_SEARCH_PATHS = (
					"$(inherited)",
					"@executable_path/Frameworks",
					"@loader_path/Frameworks",
				);
				PRODUCT_BUNDLE_IDENTIFIER = com.vinod.GoodNewsTests;
				PRODUCT_NAME = "$(TARGET_NAME)";
				SWIFT_VERSION = 5.0;
				TARGETED_DEVICE_FAMILY = "1,2";
				TEST_HOST = "$(BUILT_PRODUCTS_DIR)/GoodNews.app/GoodNews";
			};
			name = Debug;
		};
		0410BF7229B190B2008673DC /* Release */ = {
			isa = XCBuildConfiguration;
			buildSettings = {
				ALWAYS_EMBED_SWIFT_STANDARD_LIBRARIES = YES;
				BUNDLE_LOADER = "$(TEST_HOST)";
				CODE_SIGN_STYLE = Automatic;
				DEVELOPMENT_TEAM = 65N2H53466;
				INFOPLIST_FILE = GoodNewsTests/Info.plist;
				IPHONEOS_DEPLOYMENT_TARGET = 14.4;
				LD_RUNPATH_SEARCH_PATHS = (
					"$(inherited)",
					"@executable_path/Frameworks",
					"@loader_path/Frameworks",
				);
				PRODUCT_BUNDLE_IDENTIFIER = com.vinod.GoodNewsTests;
				PRODUCT_NAME = "$(TARGET_NAME)";
				SWIFT_VERSION = 5.0;
				TARGETED_DEVICE_FAMILY = "1,2";
				TEST_HOST = "$(BUILT_PRODUCTS_DIR)/GoodNews.app/GoodNews";
			};
			name = Release;
		};
		0410BF7429B190B2008673DC /* Debug */ = {
			isa = XCBuildConfiguration;
			buildSettings = {
				ALWAYS_EMBED_SWIFT_STANDARD_LIBRARIES = YES;
				CODE_SIGN_STYLE = Automatic;
				DEVELOPMENT_TEAM = 65N2H53466;
				INFOPLIST_FILE = GoodNewsUITests/Info.plist;
				LD_RUNPATH_SEARCH_PATHS = (
					"$(inherited)",
					"@executable_path/Frameworks",
					"@loader_path/Frameworks",
				);
				PRODUCT_BUNDLE_IDENTIFIER = com.vinod.GoodNewsUITests;
				PRODUCT_NAME = "$(TARGET_NAME)";
				SWIFT_VERSION = 5.0;
				TARGETED_DEVICE_FAMILY = "1,2";
				TEST_TARGET_NAME = GoodNews;
			};
			name = Debug;
		};
		0410BF7529B190B2008673DC /* Release */ = {
			isa = XCBuildConfiguration;
			buildSettings = {
				ALWAYS_EMBED_SWIFT_STANDARD_LIBRARIES = YES;
				CODE_SIGN_STYLE = Automatic;
				DEVELOPMENT_TEAM = 65N2H53466;
				INFOPLIST_FILE = GoodNewsUITests/Info.plist;
				LD_RUNPATH_SEARCH_PATHS = (
					"$(inherited)",
					"@executable_path/Frameworks",
					"@loader_path/Frameworks",
				);
				PRODUCT_BUNDLE_IDENTIFIER = com.vinod.GoodNewsUITests;
				PRODUCT_NAME = "$(TARGET_NAME)";
				SWIFT_VERSION = 5.0;
				TARGETED_DEVICE_FAMILY = "1,2";
				TEST_TARGET_NAME = GoodNews;
			};
			name = Release;
		};
/* End XCBuildConfiguration section */

/* Begin XCConfigurationList section */
		0410BF3E29B190AD008673DC /* Build configuration list for PBXProject "GoodNews" */ = {
			isa = XCConfigurationList;
			buildConfigurations = (
				0410BF6B29B190B2008673DC /* Debug */,
				0410BF6C29B190B2008673DC /* Release */,
			);
			defaultConfigurationIsVisible = 0;
			defaultConfigurationName = Release;
		};
		0410BF6D29B190B2008673DC /* Build configuration list for PBXNativeTarget "GoodNews" */ = {
			isa = XCConfigurationList;
			buildConfigurations = (
				0410BF6E29B190B2008673DC /* Debug */,
				0410BF6F29B190B2008673DC /* Release */,
			);
			defaultConfigurationIsVisible = 0;
			defaultConfigurationName = Release;
		};
		0410BF7029B190B2008673DC /* Build configuration list for PBXNativeTarget "GoodNewsTests" */ = {
			isa = XCConfigurationList;
			buildConfigurations = (
				0410BF7129B190B2008673DC /* Debug */,
				0410BF7229B190B2008673DC /* Release */,
			);
			defaultConfigurationIsVisible = 0;
			defaultConfigurationName = Release;
		};
		0410BF7329B190B2008673DC /* Build configuration list for PBXNativeTarget "GoodNewsUITests" */ = {
			isa = XCConfigurationList;
			buildConfigurations = (
				0410BF7429B190B2008673DC /* Debug */,
				0410BF7529B190B2008673DC /* Release */,
			);
			defaultConfigurationIsVisible = 0;
			defaultConfigurationName = Release;
		};
/* End XCConfigurationList section */
	};
	rootObject = 0410BF3B29B190AD008673DC /* Project object */;
}
